
Microsoft Visual Studio Solution File, Format Version 12.00
# Visual Studio Version 17
VisualStudioVersion = 17.13.35828.75 d17.13
MinimumVisualStudioVersion = 10.0.40219.1
Project("{FAE04EC0-301F-11D3-BF4B-00C04F79EFBC}") = "Facade_Template", "Facade_Template\Facade_Template.csproj", "{EACF316B-7583-4A4D-9C41-D74202E53DBD}"
EndProject
Global
	GlobalSection(SolutionConfigurationPlatforms) = preSolution
		Debug|Any CPU = Debug|Any CPU
		Release|Any CPU = Release|Any CPU
	EndGlobalSection
	GlobalSection(ProjectConfigurationPlatforms) = postSolution
		{EACF316B-7583-4A4D-9C41-D74202E53DBD}.Debug|Any CPU.ActiveCfg = Debug|Any CPU
		{EACF316B-7583-4A4D-9C41-D74202E53DBD}.Debug|Any CPU.Build.0 = Debug|Any CPU
		{EACF316B-7583-4A4D-9C41-D74202E53DBD}.Release|Any CPU.ActiveCfg = Release|Any CPU
		{EACF316B-7583-4A4D-9C41-D74202E53DBD}.Release|Any CPU.Build.0 = Release|Any CPU
	EndGlobalSection
	GlobalSection(SolutionProperties) = preSolution
		HideSolutionNode = FALSE
	EndGlobalSection
	GlobalSection(ExtensibilityGlobals) = postSolution
		SolutionGuid = {EBDDB9FE-5AAE-48A0-B952-9D7C5F22CC7F}
	EndGlobalSection
EndGlobal
