
Microsoft Visual Studio Solution File, Format Version 12.00
# Visual Studio Version 17
VisualStudioVersion = 17.13.35828.75 d17.13
MinimumVisualStudioVersion = 10.0.40219.1
Project("{FAE04EC0-301F-11D3-BF4B-00C04F79EFBC}") = "Visitor_Template", "Visitor_Template\Visitor_Template.csproj", "{B11DCF1B-53FC-43EF-853B-9302EED757A4}"
EndProject
Global
	GlobalSection(SolutionConfigurationPlatforms) = preSolution
		Debug|Any CPU = Debug|Any CPU
		Release|Any CPU = Release|Any CPU
	EndGlobalSection
	GlobalSection(ProjectConfigurationPlatforms) = postSolution
		{B11DCF1B-53FC-43EF-853B-9302EED757A4}.Debug|Any CPU.ActiveCfg = Debug|Any CPU
		{B11DCF1B-53FC-43EF-853B-9302EED757A4}.Debug|Any CPU.Build.0 = Debug|Any CPU
		{B11DCF1B-53FC-43EF-853B-9302EED757A4}.Release|Any CPU.ActiveCfg = Release|Any CPU
		{B11DCF1B-53FC-43EF-853B-9302EED757A4}.Release|Any CPU.Build.0 = Release|Any CPU
	EndGlobalSection
	GlobalSection(SolutionProperties) = preSolution
		HideSolutionNode = FALSE
	EndGlobalSection
	GlobalSection(ExtensibilityGlobals) = postSolution
		SolutionGuid = {95D48FFF-CD73-45ED-B002-322761EC5278}
	EndGlobalSection
EndGlobal
